{
  "version": 4,
  "terraform_version": "0.15.3",
  "serial": 9,
  "lineage": "085d29af-c205-ae60-c015-ca2f6758285d",
  "outputs": {
    "haggu-name": {
      "value": {
        "account_id": "mukul-sva",
        "description": "",
        "display_name": "Terraform-managed service account",
        "email": "mukul-sva@spring-boot-bootstrap-project.iam.gserviceaccount.com",
        "id": "projects/spring-boot-bootstrap-project/serviceAccounts/mukul-sva@spring-boot-bootstrap-project.iam.gserviceaccount.com",
        "name": "projects/spring-boot-bootstrap-project/serviceAccounts/mukul-sva@spring-boot-bootstrap-project.iam.gserviceaccount.com",
        "project": "spring-boot-bootstrap-project",
        "timeouts": null,
        "unique_id": "101434472980909018565"
      },
      "type": [
        "object",
        {
          "account_id": "string",
          "description": "string",
          "display_name": "string",
          "email": "string",
          "id": "string",
          "name": "string",
          "project": "string",
          "timeouts": [
            "object",
            {
              "create": "string"
            }
          ],
          "unique_id": "string"
        }
      ]
    }
  },
  "resources": [
    {
      "module": "module.service-accounts",
      "mode": "data",
      "type": "template_file",
      "name": "keys",
      "provider": "provider[\"registry.terraform.io/hashicorp/template\"]",
      "instances": [
        {
          "index_key": "mukul-sva",
          "schema_version": 0,
          "attributes": {
            "filename": null,
            "id": "e3b0c44298fc1c149afbf4c8996fb92427ae41e4649b934ca495991b7852b855",
            "rendered": "",
            "template": "${key}",
            "vars": {
              "key": ""
            }
          },
          "sensitive_attributes": []
        }
      ]
    },
    {
      "module": "module.service-accounts",
      "mode": "managed",
      "type": "google_service_account",
      "name": "service_accounts",
      "provider": "provider[\"registry.terraform.io/hashicorp/google\"]",
      "instances": [
        {
          "index_key": "mukul-sva",
          "schema_version": 0,
          "attributes": {
            "account_id": "mukul-sva",
            "description": "",
            "display_name": "Terraform-managed service account",
            "email": "mukul-sva@spring-boot-bootstrap-project.iam.gserviceaccount.com",
            "id": "projects/spring-boot-bootstrap-project/serviceAccounts/mukul-sva@spring-boot-bootstrap-project.iam.gserviceaccount.com",
            "name": "projects/spring-boot-bootstrap-project/serviceAccounts/mukul-sva@spring-boot-bootstrap-project.iam.gserviceaccount.com",
            "project": "spring-boot-bootstrap-project",
            "timeouts": null,
            "unique_id": "101434472980909018565"
          },
          "sensitive_attributes": [],
          "private": "eyJlMmJmYjczMC1lY2FhLTExZTYtOGY4OC0zNDM2M2JjN2M0YzAiOnsiY3JlYXRlIjozMDAwMDAwMDAwMDB9fQ=="
        }
      ]
    }
  ]
}
